
Microsoft Visual Studio Solution File, Format Version 12.00
# Visual Studio 14
VisualStudioVersion = 14.0.25420.1
MinimumVisualStudioVersion = 10.0.40219.1
Project("{2150E333-8FDC-42A3-9474-1A3956D46DE8}") = "Feature", "Feature", "{17DD5718-6E13-4F2C-9738-B410396D4552}"
EndProject
Project("{2150E333-8FDC-42A3-9474-1A3956D46DE8}") = "Foundation", "Foundation", "{4FDA1DCD-D33E-447E-91C1-F4AE818E2CF0}"
EndProject
Project("{2150E333-8FDC-42A3-9474-1A3956D46DE8}") = "Project", "Project", "{15D97D61-D597-42EC-B7E9-E9EC8130E630}"
EndProject
Project("{2150E333-8FDC-42A3-9474-1A3956D46DE8}") = "Configuration", "Configuration", "{ADCA10F7-A1D2-407B-8074-60418168C02E}"
	ProjectSection(SolutionItems) = preProject
		.editorconfig = .editorconfig
		.gitattributes = .gitattributes
		.gitignore = .gitignore
		nuget.config = nuget.config
		README.md = README.md
		TdsGlobal.config = TdsGlobal.config
	EndProjectSection
EndProject
Project("{2150E333-8FDC-42A3-9474-1A3956D46DE8}") = "Documentation", "Documentation", "{DAFED8F5-6CBD-4384-AAD6-DC3BCCF24911}"
	ProjectSection(SolutionItems) = preProject
		documentation\README.md = documentation\README.md
	EndProjectSection
EndProject
Project("{2150E333-8FDC-42A3-9474-1A3956D46DE8}") = "images", "images", "{D27C83D2-2EAF-4E44-A1ED-2B3C2EBB5854}"
	ProjectSection(SolutionItems) = preProject
		documentation\images\deal-with-it.gif = documentation\images\deal-with-it.gif
		documentation\images\hackathon.png = documentation\images\hackathon.png
	EndProjectSection
EndProject
Project("{2150E333-8FDC-42A3-9474-1A3956D46DE8}") = "Location", "Location", "{269AB786-E69D-429A-9652-A4C9852A3CF8}"
EndProject
Project("{CAA73BB0-EF22-4D79-A57E-DF67B3BA9C80}") = "SLH.Feature.Location.Master", "src\Feature\Location\SLH.Feature.Location.Master\SLH.Feature.Location.Master.scproj", "{28D8BDCE-AE98-4545-89C8-F7FCB33BC9B9}"
EndProject
Project("{FAE04EC0-301F-11D3-BF4B-00C04F79EFBC}") = "SLH.Feature.Location", "src\Feature\Location\SLH.Feature.Location\SLH.Feature.Location.csproj", "{F9907B46-FD02-48B7-AA97-AFA6EFF9E572}"
EndProject
Project("{CAA73BB0-EF22-4D79-A57E-DF67B3BA9C80}") = "SLH.Foundation.Location.Master", "src\Foundation\Location\SLH.Foundation.Location\SLH.Foundation.Location.Master.scproj", "{3E6B38E5-1BCD-437E-9F98-F234FBBF60D9}"
EndProject
Project("{CAA73BB0-EF22-4D79-A57E-DF67B3BA9C80}") = "SLH.Project.Web.Core", "src\Project\Web\SLH.Project.Web.Core\SLH.Project.Web.Core.scproj", "{E250BF0F-6FF1-41C3-91C0-D4A1F75DAB13}"
EndProject
Global
	GlobalSection(SolutionConfigurationPlatforms) = preSolution
		Debug|Any CPU = Debug|Any CPU
		Release|Any CPU = Release|Any CPU
	EndGlobalSection
	GlobalSection(ProjectConfigurationPlatforms) = postSolution
		{28D8BDCE-AE98-4545-89C8-F7FCB33BC9B9}.Debug|Any CPU.ActiveCfg = Debug|Any CPU
		{28D8BDCE-AE98-4545-89C8-F7FCB33BC9B9}.Debug|Any CPU.Build.0 = Debug|Any CPU
		{28D8BDCE-AE98-4545-89C8-F7FCB33BC9B9}.Debug|Any CPU.Deploy.0 = Debug|Any CPU
		{28D8BDCE-AE98-4545-89C8-F7FCB33BC9B9}.Release|Any CPU.ActiveCfg = Release|Any CPU
		{28D8BDCE-AE98-4545-89C8-F7FCB33BC9B9}.Release|Any CPU.Build.0 = Release|Any CPU
		{28D8BDCE-AE98-4545-89C8-F7FCB33BC9B9}.Release|Any CPU.Deploy.0 = Release|Any CPU
		{F9907B46-FD02-48B7-AA97-AFA6EFF9E572}.Debug|Any CPU.ActiveCfg = Debug|Any CPU
		{F9907B46-FD02-48B7-AA97-AFA6EFF9E572}.Debug|Any CPU.Build.0 = Debug|Any CPU
		{F9907B46-FD02-48B7-AA97-AFA6EFF9E572}.Release|Any CPU.ActiveCfg = Release|Any CPU
		{F9907B46-FD02-48B7-AA97-AFA6EFF9E572}.Release|Any CPU.Build.0 = Release|Any CPU
		{3E6B38E5-1BCD-437E-9F98-F234FBBF60D9}.Debug|Any CPU.ActiveCfg = Debug|Any CPU
		{3E6B38E5-1BCD-437E-9F98-F234FBBF60D9}.Debug|Any CPU.Build.0 = Debug|Any CPU
		{3E6B38E5-1BCD-437E-9F98-F234FBBF60D9}.Debug|Any CPU.Deploy.0 = Debug|Any CPU
		{3E6B38E5-1BCD-437E-9F98-F234FBBF60D9}.Release|Any CPU.ActiveCfg = Release|Any CPU
		{3E6B38E5-1BCD-437E-9F98-F234FBBF60D9}.Release|Any CPU.Build.0 = Release|Any CPU
		{3E6B38E5-1BCD-437E-9F98-F234FBBF60D9}.Release|Any CPU.Deploy.0 = Release|Any CPU
		{E250BF0F-6FF1-41C3-91C0-D4A1F75DAB13}.Debug|Any CPU.ActiveCfg = Debug|Any CPU
		{E250BF0F-6FF1-41C3-91C0-D4A1F75DAB13}.Debug|Any CPU.Build.0 = Debug|Any CPU
		{E250BF0F-6FF1-41C3-91C0-D4A1F75DAB13}.Debug|Any CPU.Deploy.0 = Debug|Any CPU
		{E250BF0F-6FF1-41C3-91C0-D4A1F75DAB13}.Release|Any CPU.ActiveCfg = Release|Any CPU
		{E250BF0F-6FF1-41C3-91C0-D4A1F75DAB13}.Release|Any CPU.Build.0 = Release|Any CPU
		{E250BF0F-6FF1-41C3-91C0-D4A1F75DAB13}.Release|Any CPU.Deploy.0 = Release|Any CPU
	EndGlobalSection
	GlobalSection(SolutionProperties) = preSolution
		HideSolutionNode = FALSE
	EndGlobalSection
	GlobalSection(NestedProjects) = preSolution
		{D27C83D2-2EAF-4E44-A1ED-2B3C2EBB5854} = {DAFED8F5-6CBD-4384-AAD6-DC3BCCF24911}
		{269AB786-E69D-429A-9652-A4C9852A3CF8} = {17DD5718-6E13-4F2C-9738-B410396D4552}
		{28D8BDCE-AE98-4545-89C8-F7FCB33BC9B9} = {269AB786-E69D-429A-9652-A4C9852A3CF8}
		{F9907B46-FD02-48B7-AA97-AFA6EFF9E572} = {269AB786-E69D-429A-9652-A4C9852A3CF8}
		{3E6B38E5-1BCD-437E-9F98-F234FBBF60D9} = {4FDA1DCD-D33E-447E-91C1-F4AE818E2CF0}
		{E250BF0F-6FF1-41C3-91C0-D4A1F75DAB13} = {15D97D61-D597-42EC-B7E9-E9EC8130E630}
	EndGlobalSection
	GlobalSection(ExtensibilityGlobals) = postSolution
		SolutionGuid = {311DA37D-528B-43B2-A99B-E7253F841D46}
	EndGlobalSection
EndGlobal
